
Microsoft Visual Studio Solution File, Format Version 12.00
# Visual Studio Version 17
VisualStudioVersion = 17.0.32014.148
MinimumVisualStudioVersion = 10.0.40219.1
Project("{9A19103F-16F7-4668-BE54-9A1E7A4F7556}") = "BDLabs", "BDLabs\BDLabs.csproj", "{BDD60143-FF46-413C-A0AA-0E561BCE5B2B}"
EndProject
Project("{9A19103F-16F7-4668-BE54-9A1E7A4F7556}") = "Model", "Model\Model.csproj", "{6742C004-A974-4835-ACE6-A4D186343056}"
EndProject
Project("{9A19103F-16F7-4668-BE54-9A1E7A4F7556}") = "DataBaseAccess", "DataBaseAccess\DataBaseAccess.csproj", "{24B0282D-7ED6-4A9B-9D34-AAC50B4EEA24}"
EndProject
Global
	GlobalSection(SolutionConfigurationPlatforms) = preSolution
		Debug|Any CPU = Debug|Any CPU
		Release|Any CPU = Release|Any CPU
	EndGlobalSection
	GlobalSection(ProjectConfigurationPlatforms) = postSolution
		{BDD60143-FF46-413C-A0AA-0E561BCE5B2B}.Debug|Any CPU.ActiveCfg = Debug|Any CPU
		{BDD60143-FF46-413C-A0AA-0E561BCE5B2B}.Debug|Any CPU.Build.0 = Debug|Any CPU
		{BDD60143-FF46-413C-A0AA-0E561BCE5B2B}.Release|Any CPU.ActiveCfg = Release|Any CPU
		{BDD60143-FF46-413C-A0AA-0E561BCE5B2B}.Release|Any CPU.Build.0 = Release|Any CPU
		{6742C004-A974-4835-ACE6-A4D186343056}.Debug|Any CPU.ActiveCfg = Debug|Any CPU
		{6742C004-A974-4835-ACE6-A4D186343056}.Debug|Any CPU.Build.0 = Debug|Any CPU
		{6742C004-A974-4835-ACE6-A4D186343056}.Release|Any CPU.ActiveCfg = Release|Any CPU
		{6742C004-A974-4835-ACE6-A4D186343056}.Release|Any CPU.Build.0 = Release|Any CPU
		{24B0282D-7ED6-4A9B-9D34-AAC50B4EEA24}.Debug|Any CPU.ActiveCfg = Debug|Any CPU
		{24B0282D-7ED6-4A9B-9D34-AAC50B4EEA24}.Debug|Any CPU.Build.0 = Debug|Any CPU
		{24B0282D-7ED6-4A9B-9D34-AAC50B4EEA24}.Release|Any CPU.ActiveCfg = Release|Any CPU
		{24B0282D-7ED6-4A9B-9D34-AAC50B4EEA24}.Release|Any CPU.Build.0 = Release|Any CPU
	EndGlobalSection
	GlobalSection(SolutionProperties) = preSolution
		HideSolutionNode = FALSE
	EndGlobalSection
	GlobalSection(ExtensibilityGlobals) = postSolution
		SolutionGuid = {E0B29655-FAB3-4D4F-BED3-E65D7B4FD7F9}
	EndGlobalSection
EndGlobal
